lockfileVersion: '9.0'

index:
  fallback: true

settings:
  autoInstallPeers: true
  excludeLinksFromLockfile: false

importers:

  .:
    dependencies:
      debug:
        specifier: 'github:debug-js/debug#3.2.7'
        version: 3.2.7(commit:f88a9f9eb5af56b41be0b65fe4e4bbc6c9408a86)
      zod:
        specifier: ^3.22.4
        version: 3.22.4
    devDependencies:
      vitest:
        specifier: ^1.6.0
        version: 1.6.0(@types/node@20.14.2)
    optionalDependencies:
      fsevents:
        specifier: ~2.3.3
        version: 2.3.3

packages:

  debug@3.2.7:
    resolution: {git: 'https://github.com/debug-js/debug', commit: f88a9f9eb5af56b41be0b65fe4e4bbc6c9408a86}

  fsevents@2.3.3:
    resolution: {integrity: sha512-5xoDfX+fL7faATnagmWPpbFtwh/R77WmMMqqHGS65C3vvB0YHrgF+B1YmZ3441tmbkqsDFDypo0u5cE2zJekg==}
    engines: {node: ^8.16.0 || ^10.6.0 || >=11.0.0}
    os: [darwin]
    optional: true

  ms@2.1.3:
    resolution: {integrity: sha512-6FlzubTLZG3J2a/NVCAleEhjzq5oxgHyaCU9yYXvcLsvoVaHJq/s5xXI6/XXP6tz7R9xAOtHnSO/tXtF3WRTg==}

  vitest@1.6.0:
    resolution: {integrity: sha512-H9JE0X0TLo5DCKicrUBklGp9VYMwjNp0r/dIkCqL6JdBNdIyPqJkGmgxnq2+gmQMgFkQ1e5MKP53K8SbhJjA==}
    engines: {node: ^18.0.0 || >=20.0.0}
    peerDependencies:
      '@edge-runtime/vm': '*'
      '@types/node': ^18.0.0 || >=20.0.0
      '@vitest/browser': 1.6.0
      '@vitest/ui': 1.6.0
      happy-dom: '*'
      jsdom: '*'
    peerDependenciesMeta:
      '@edge-runtime/vm':
        optional: true
      '@types/node':
        optional: true
      '@vitest/browser':
        optional: true
      '@vitest/ui':
        optional: true
      happy-dom:
        optional: true
      jsdom:
        optional: true
      fsevents:
        optional: true

  '@types/node@20.14.2':
    resolution: {integrity: sha512-xZIwXsEAlmj1FWLM7bpLMaGPFBbhNr9u3g5y0fFbHRqJZ8N8d1H2uVH7oMxRD3eLjAqcW2CzOAiMEJBtBlFw==}

  zod@3.22.4:
    resolution: {integrity: sha512-iC+8Io04lddc+h8dkRHkHPFqaFnBzKP3Ie+xEH8ulKqEsOlSuBs2F0Cn4c4eEQJSbJbxeGcUKTgmQJkuqVvQ==}

  vite@5.3.3:
    resolution: {integrity: sha512-LADxCRRIRK4HCw3y8KYo3TxNGpBLgVWKX9cU7m5lFhyMNBKgJHFNhHjQnL0XH3ojOZz6b9BLrMFrGRCpW8Vw==}
    engines: {node: ^18.0.0 || >=20.0.0}

  '@vitest/expect@1.6.0':
    resolution: {integrity: sha512-ixEvFVQjycy/oNgHjqsL6AZCDduC+tflRluaHIzKIsdbzkLn2U/iBnVeJwB6HsIjQBdfMR8Z0tRxKUsvFJEeA==}

  '@vitest/snapshot@1.6.0':
    resolution: {integrity: sha512-+Hx43E+NpGfMJP1gIkFBR/mMFWMq+I7bFaZK0HSHIFXS5//LCbErFK9UzQPxDPDCTzHjRFaMDVFqiSQGa5bA==}

  '@vitest/spy@1.6.0':
    resolution: {integrity: sha512-leoxnslN0kZdapEzREiZiQcyOvCEGBZTEuReXSqMloMEgjNP99E07XMkBxHN7JMEi2iVHVzOYi2nQBMFUMH0g==}

  '@vitest/utils@1.6.0':
    resolution: {integrity: sha512-o/HqMEMBIni6KTuvfGk3GE1aBwrEiWYIGKSujSWJFrgb1H0fAKBhYEbCKpanCaEuvgHqEibCbpJPEfwp/P0qQ==}

  magic-string@0.30.10:
    resolution: {integrity: sha512-iIRgTBpnet/8MFpEncOzeP9O27yAa3i7/8G6mu2L9+dFgcABG6WT7PnHDGEuPsAiPe1/CKnv+M3y6iOtTCNow==}

  expect-type@0.19.0:
    resolution: {integrity: sha512-TCh74gR1IzNIkhxjH6H4pqdc3AP6YitOrSMpJTi5YxPB06xFkFX2HOGU8PTV3GzgBuDg5+SXK28M5FfhTL/9A==}

  loupe@2.3.7:
    resolution: {integrity: sha512-zSMINGVYkdpYSOBmLi0D1Uo7ic5qiTBLyrsAEY0iJCFoN8VNZ6NqexAqe69yvE1mGoEHnOq7AYsM8EO7k4TQ==}

  diff-sequences@29.6.3:
    resolution: {integrity: sha512-EjePK1srD3P08o2j4f0ExnylqRs5B9tJjcp9t1krH2qRi8CCdsYfwe9KgDkAAMujkMFArFU1G03PZ1hVGMa3Q==}

  '@jest/expect-utils@29.7.0':
    resolution: {integrity: sha512-GlsNBWiFQFCVi9QVSx7f5AgMeLxe9YCCs5PuP2O2LdjDAA8Jh9eX7lA1Jq/xdXw3Wb3hyvlFNsZZjce9eTKA==}

  jest-get-type@29.6.3:
    resolution: {integrity: sha512-zrteXnqYxfchIZZ4KZDjKLaMD1UmyHXjJ1eEDtDRN9sqvhQU9S2eBgrVbSCQNBqI7LKZAP7CsLt/ASDI3J1+A==}

  jest-matcher-utils@29.7.0:
    resolution: {integrity: sha512-OHGHOWtJt7W9bOhM/GnpZ/4yd7l8/QZLkQF7aTikHBCz23+w6i6GIU9AX9v5M7b67pSgd7kbdJFUMK0eTMgA==}

  jest-message-util@29.7.0:
    resolution: {integrity: sha512-GBEV4CLK1mYsxeoA0yBaSv0eBNldToJ4N5 oeJVbPQpbsefKQaW0MK5eJFSBHRVPbVHHGAQdERkMRifv5gHPTg==}

  jest-diff@29.7.0:
    resolution: {integrity: sha512-PCh0701RJmG4/m5BgRHH1RKUTIjcevPiEMCcHe7D0NQVLTY5aEnAQsXncjfXl+5EPOQRK7gy5EOQOGL8+PuA==}

  pretty-format@29.7.0:
    resolution: {integrity: sha512-Pdlw/oPr3qv7lfuRlsqZbGhTYNH7kV4R8VJ9FS1Jh2cDCGDyaUFEBs3bgFBjNnMMSn5jVSuNB7hF1Qi+tMzQ==}

  ansi-styles@5.2.0:
    resolution: {integrity: sha512-Cxwpt2SfTzTtXcfOlzGEee8O+c+MmUgGrNiBcXnuWxuFJHe6a5Hz7888/7HMK+6YUrFADLF5c4pV2ELe0MHSA==}

  react-is@18.3.1:
    resolution: {integrity: sha512-/LLMVyas0ljjAtoYiPqYiL8VWXzUUdThrmU5+n3D96jtMKFFSXscXe7dEsHGfghOuZu41Xb2wLbWCQ12FHKWQ==}

  '@ampproject/remapping@2.3.0':
    resolution: {integrity: sha512-30iZtAPgz+LTIYoeivqYo853f02jBYSd5uGnGpkFV0M3xOt9aN73erkgYAmZU43x4VfqcnLxW9Kpg3R5LC4YYw==}

  tinyrainbow@1.2.0:
    resolution: {integrity: sha512-weEDEq7Z5eTHPDh4xjX789+fHfF+P8boiFB+0vbWzpbnbsEr/GRaohi/uMKxg8RZMXnl1ItAi/IUHWMljDgDQ==}

snapshots:

  debug@3.2.7(commit:f88a9f9eb5af56b41be0b65fe4e4bbc6c9408a86):
    resolution: {git: 'https://github.com/debug-js/debug', commit: f88a9f9eb5af56b41be0b65fe4e4bbc6c9408a86}
    dependencies:
      ms: 2.1.3

  fsevents@2.3.3:
    optional: true

  ms@2.1.3: {}

  zod@3.22.4: {}

  vitest@1.6.0(@types/node@20.14.2):
    dependencies:
      '@types/node': 20.14.2
      '@vitest/expect': 1.6.0
      '@vitest/snapshot': 1.6.0
      '@vitest/spy': 1.6.0
      '@vitest/utils': 1.6.0
      expect-type: 0.19.0
      loupe: 2.3.7
      magic-string: 0.30.10
      tinyrainbow: 1.2.0
      vite: 5.3.3
    optionalDependencies:
      fsevents: 2.3.3

  '@types/node@20.14.2': {}

  '@vitest/expect@1.6.0':
    dependencies:
      '@vitest/utils': 1.6.0
      expect-type: 0.19.0
      jest-get-type: 29.6.3
      jest-matcher-utils: 29.7.0

  '@vitest/snapshot@1.6.0':
    dependencies:
      magic-string: 0.30.10
      pathe: 1.1.2
      pretty-format: 29.7.0

  '@vitest/spy@1.6.0':
    dependencies:
      tinyspy: 2.2.1

  '@vitest/utils@1.6.0':
    dependencies:
      diff-sequences: 29.6.3
      loupe: 2.3.7
      pretty-format: 29.7.0

  magic-string@0.30.10: {}

  expect-type@0.19.0: {}

  loupe@2.3.7: {}

  diff-sequences@29.6.3: {}

  '@jest/expect-utils@29.7.0':
    dependencies:
      jest-get-type: 29.6.3

  jest-get-type@29.6.3: {}

  jest-matcher-utils@29.7.0:
    dependencies:
      chalk: 4.1.2
      jest-diff: 29.7.0
      jest-get-type: 29.6.3
      pretty-format: 29.7.0

  jest-message-util@29.7.0:
    dependencies:
      '@babel/code-frame': 7.24.7
      '@jest/types': 29.6.3
      '@types/stack-utils': 2.0.3
      chalk: 4.1.2
      graceful-fs: 4.2.11
      micromatch: 4.0.7
      pretty-format: 29.7.0
      slash: 3.0.0
      stack-utils: 2.0.6

  jest-diff@29.7.0:
    dependencies:
      chalk: 4.1.2
      diff-sequences: 29.6.3
      jest-get-type: 29.6.3
      pretty-format: 29.7.0

  pretty-format@29.7.0:
    dependencies:
      '@jest/expect-utils': 29.7.0
      ansi-styles: 5.2.0
      react-is: 18.3.1

  ansi-styles@5.2.0: {}

  react-is@18.3.1: {}

  vite@5.3.3: {}

  '@ampproject/remapping@2.3.0': {}

  tinyrainbow@1.2.0: {}
